// !$*UTF8*$!
{
	archiveVersion = 1;
	classes = {
	};
	objectVersion = 56;
	objects = {

/* Begin PBXBuildFile section */
		076060E8291E96700070BA4F /* AppDelegate.swift in Sources */ = {isa = PBXBuildFile; fileRef = 076060E7291E96700070BA4F /* AppDelegate.swift */; };
		076060EF291E96700070BA4F /* Main.storyboard in Resources */ = {isa = PBXBuildFile; fileRef = 076060ED291E96700070BA4F /* Main.storyboard */; };
		076060F1291E96700070BA4F /* Assets.xcassets in Resources */ = {isa = PBXBuildFile; fileRef = 076060F0291E96700070BA4F /* Assets.xcassets */; };
		076060F4291E96700070BA4F /* LaunchScreen.storyboard in Resources */ = {isa = PBXBuildFile; fileRef = 076060F2291E96700070BA4F /* LaunchScreen.storyboard */; };
		07606100291EB40A0070BA4F /* OnBoardingViewController.swift in Sources */ = {isa = PBXBuildFile; fileRef = 076060FF291EB40A0070BA4F /* OnBoardingViewController.swift */; };
		07606103291EB98E0070BA4F /* UIView+Extension.swift in Sources */ = {isa = PBXBuildFile; fileRef = 07606102291EB98E0070BA4F /* UIView+Extension.swift */; };
		079658AA292639410057FBB0 /* DishLandscapeCollectionViewCell.swift in Sources */ = {isa = PBXBuildFile; fileRef = 079658A8292639410057FBB0 /* DishLandscapeCollectionViewCell.swift */; };
		079658AB292639410057FBB0 /* DishLandscapeCollectionViewCell.xib in Resources */ = {isa = PBXBuildFile; fileRef = 079658A9292639410057FBB0 /* DishLandscapeCollectionViewCell.xib */; };
		079658AE292657D90057FBB0 /* DishDetailViewController.swift in Sources */ = {isa = PBXBuildFile; fileRef = 079658AD292657D90057FBB0 /* DishDetailViewController.swift */; };
		079658B0292686470057FBB0 /* UIViewController+Extension.swift in Sources */ = {isa = PBXBuildFile; fileRef = 079658AF292686470057FBB0 /* UIViewController+Extension.swift */; };
		079658B529269E970057FBB0 /* DishListTableViewCell.swift in Sources */ = {isa = PBXBuildFile; fileRef = 079658B329269E970057FBB0 /* DishListTableViewCell.swift */; };
		079658B629269E970057FBB0 /* DishListTableViewCell.xib in Resources */ = {isa = PBXBuildFile; fileRef = 079658B429269E970057FBB0 /* DishListTableViewCell.xib */; };
		07ADB50C29223CB600865678 /* OnboardingSlide.swift in Sources */ = {isa = PBXBuildFile; fileRef = 07ADB50B29223CB600865678 /* OnboardingSlide.swift */; };
		07ADB50E2922535500865678 /* OnboardingCollectionViewCell.swift in Sources */ = {isa = PBXBuildFile; fileRef = 07ADB50D2922535500865678 /* OnboardingCollectionViewCell.swift */; };
		07ADB511292288CA00865678 /* HomeViewController.swift in Sources */ = {isa = PBXBuildFile; fileRef = 07ADB510292288CA00865678 /* HomeViewController.swift */; };
		07E6FF152924E73F005E5171 /* String+Extension.swift in Sources */ = {isa = PBXBuildFile; fileRef = 07E6FF142924E73F005E5171 /* String+Extension.swift */; };
		07E6FF1829253326005E5171 /* CardView.swift in Sources */ = {isa = PBXBuildFile; fileRef = 07E6FF1729253326005E5171 /* CardView.swift */; };
		07E6FF1C292544F1005E5171 /* DishPortraitCollectionViewCell.swift in Sources */ = {isa = PBXBuildFile; fileRef = 07E6FF1A292544F1005E5171 /* DishPortraitCollectionViewCell.swift */; };
		07E6FF1D292544F1005E5171 /* DishPortraitCollectionViewCell.xib in Resources */ = {isa = PBXBuildFile; fileRef = 07E6FF1B292544F1005E5171 /* DishPortraitCollectionViewCell.xib */; };
		07E6FF1F29254772005E5171 /* Dish.swift in Sources */ = {isa = PBXBuildFile; fileRef = 07E6FF1E29254772005E5171 /* Dish.swift */; };
		07F7BED32924DDBC00DD9888 /* CategoryCollectionViewCell.swift in Sources */ = {isa = PBXBuildFile; fileRef = 07F7BED12924DDBC00DD9888 /* CategoryCollectionViewCell.swift */; };
		07F7BED42924DDBC00DD9888 /* CategoryCollectionViewCell.xib in Resources */ = {isa = PBXBuildFile; fileRef = 07F7BED22924DDBC00DD9888 /* CategoryCollectionViewCell.xib */; };
		07F7BED62924DFE300DD9888 /* DishCategory.swift in Sources */ = {isa = PBXBuildFile; fileRef = 07F7BED52924DFE300DD9888 /* DishCategory.swift */; };
		07F85E5429279B1900560A79 /* ListDishesViewController.swift in Sources */ = {isa = PBXBuildFile; fileRef = 07F85E5329279B1900560A79 /* ListDishesViewController.swift */; };
		CF962519E2093497C66935A2 /* Pods_Yummie.framework in Frameworks */ = {isa = PBXBuildFile; fileRef = 751168AC360704EECCEE2A3A /* Pods_Yummie.framework */; };
/* End PBXBuildFile section */

/* Begin PBXFileReference section */
		076060E4291E96700070BA4F /* Yummie.app */ = {isa = PBXFileReference; explicitFileType = wrapper.application; includeInIndex = 0; path = Yummie.app; sourceTree = BUILT_PRODUCTS_DIR; };
		076060E7291E96700070BA4F /* AppDelegate.swift */ = {isa = PBXFileReference; lastKnownFileType = sourcecode.swift; path = AppDelegate.swift; sourceTree = "<group>"; };
		076060EE291E96700070BA4F /* Base */ = {isa = PBXFileReference; lastKnownFileType = file.storyboard; name = Base; path = Base.lproj/Main.storyboard; sourceTree = "<group>"; };
		076060F0291E96700070BA4F /* Assets.xcassets */ = {isa = PBXFileReference; lastKnownFileType = folder.assetcatalog; path = Assets.xcassets; sourceTree = "<group>"; };
		076060F3291E96700070BA4F /* Base */ = {isa = PBXFileReference; lastKnownFileType = file.storyboard; name = Base; path = Base.lproj/LaunchScreen.storyboard; sourceTree = "<group>"; };
		076060F5291E96700070BA4F /* Info.plist */ = {isa = PBXFileReference; lastKnownFileType = text.plist.xml; path = Info.plist; sourceTree = "<group>"; };
		076060FF291EB40A0070BA4F /* OnBoardingViewController.swift */ = {isa = PBXFileReference; lastKnownFileType = sourcecode.swift; path = OnBoardingViewController.swift; sourceTree = "<group>"; };
		07606102291EB98E0070BA4F /* UIView+Extension.swift */ = {isa = PBXFileReference; lastKnownFileType = sourcecode.swift; path = "UIView+Extension.swift"; sourceTree = "<group>"; };
		079658A8292639410057FBB0 /* DishLandscapeCollectionViewCell.swift */ = {isa = PBXFileReference; lastKnownFileType = sourcecode.swift; path = DishLandscapeCollectionViewCell.swift; sourceTree = "<group>"; };
		079658A9292639410057FBB0 /* DishLandscapeCollectionViewCell.xib */ = {isa = PBXFileReference; lastKnownFileType = file.xib; path = DishLandscapeCollectionViewCell.xib; sourceTree = "<group>"; };
		079658AD292657D90057FBB0 /* DishDetailViewController.swift */ = {isa = PBXFileReference; lastKnownFileType = sourcecode.swift; path = DishDetailViewController.swift; sourceTree = "<group>"; };
		079658AF292686470057FBB0 /* UIViewController+Extension.swift */ = {isa = PBXFileReference; lastKnownFileType = sourcecode.swift; path = "UIViewController+Extension.swift"; sourceTree = "<group>"; };
		079658B329269E970057FBB0 /* DishListTableViewCell.swift */ = {isa = PBXFileReference; lastKnownFileType = sourcecode.swift; path = DishListTableViewCell.swift; sourceTree = "<group>"; };
		079658B429269E970057FBB0 /* DishListTableViewCell.xib */ = {isa = PBXFileReference; lastKnownFileType = file.xib; path = DishListTableViewCell.xib; sourceTree = "<group>"; };
		07ADB50B29223CB600865678 /* OnboardingSlide.swift */ = {isa = PBXFileReference; lastKnownFileType = sourcecode.swift; path = OnboardingSlide.swift; sourceTree = "<group>"; };
		07ADB50D2922535500865678 /* OnboardingCollectionViewCell.swift */ = {isa = PBXFileReference; lastKnownFileType = sourcecode.swift; path = OnboardingCollectionViewCell.swift; sourceTree = "<group>"; };
		07ADB510292288CA00865678 /* HomeViewController.swift */ = {isa = PBXFileReference; lastKnownFileType = sourcecode.swift; path = HomeViewController.swift; sourceTree = "<group>"; };
		07E6FF142924E73F005E5171 /* String+Extension.swift */ = {isa = PBXFileReference; lastKnownFileType = sourcecode.swift; path = "String+Extension.swift"; sourceTree = "<group>"; };
		07E6FF1729253326005E5171 /* CardView.swift */ = {isa = PBXFileReference; lastKnownFileType = sourcecode.swift; path = CardView.swift; sourceTree = "<group>"; };
		07E6FF1A292544F1005E5171 /* DishPortraitCollectionViewCell.swift */ = {isa = PBXFileReference; lastKnownFileType = sourcecode.swift; path = DishPortraitCollectionViewCell.swift; sourceTree = "<group>"; };
		07E6FF1B292544F1005E5171 /* DishPortraitCollectionViewCell.xib */ = {isa = PBXFileReference; lastKnownFileType = file.xib; path = DishPortraitCollectionViewCell.xib; sourceTree = "<group>"; };
		07E6FF1E29254772005E5171 /* Dish.swift */ = {isa = PBXFileReference; lastKnownFileType = sourcecode.swift; path = Dish.swift; sourceTree = "<group>"; };
		07F7BED12924DDBC00DD9888 /* CategoryCollectionViewCell.swift */ = {isa = PBXFileReference; lastKnownFileType = sourcecode.swift; path = CategoryCollectionViewCell.swift; sourceTree = "<group>"; };
		07F7BED22924DDBC00DD9888 /* CategoryCollectionViewCell.xib */ = {isa = PBXFileReference; lastKnownFileType = file.xib; path = CategoryCollectionViewCell.xib; sourceTree = "<group>"; };
		07F7BED52924DFE300DD9888 /* DishCategory.swift */ = {isa = PBXFileReference; lastKnownFileType = sourcecode.swift; path = DishCategory.swift; sourceTree = "<group>"; };
		07F85E5329279B1900560A79 /* ListDishesViewController.swift */ = {isa = PBXFileReference; lastKnownFileType = sourcecode.swift; path = ListDishesViewController.swift; sourceTree = "<group>"; };
		5C627468CE3CB408F32D3060 /* Pods-Yummie.debug.xcconfig */ = {isa = PBXFileReference; includeInIndex = 1; lastKnownFileType = text.xcconfig; name = "Pods-Yummie.debug.xcconfig"; path = "Target Support Files/Pods-Yummie/Pods-Yummie.debug.xcconfig"; sourceTree = "<group>"; };
		751168AC360704EECCEE2A3A /* Pods_Yummie.framework */ = {isa = PBXFileReference; explicitFileType = wrapper.framework; includeInIndex = 0; path = Pods_Yummie.framework; sourceTree = BUILT_PRODUCTS_DIR; };
		E3D31C639577B85A5EDB4C5D /* Pods-Yummie.release.xcconfig */ = {isa = PBXFileReference; includeInIndex = 1; lastKnownFileType = text.xcconfig; name = "Pods-Yummie.release.xcconfig"; path = "Target Support Files/Pods-Yummie/Pods-Yummie.release.xcconfig"; sourceTree = "<group>"; };
/* End PBXFileReference section */

/* Begin PBXFrameworksBuildPhase section */
		076060E1291E96700070BA4F /* Frameworks */ = {
			isa = PBXFrameworksBuildPhase;
			buildActionMask = 2147483647;
			files = (
				CF962519E2093497C66935A2 /* Pods_Yummie.framework in Frameworks */,
			);
			runOnlyForDeploymentPostprocessing = 0;
		};
/* End PBXFrameworksBuildPhase section */

/* Begin PBXGroup section */
		076060DB291E96700070BA4F = {
			isa = PBXGroup;
			children = (
				076060E6291E96700070BA4F /* Yummie */,
				076060E5291E96700070BA4F /* Products */,
				ABB23CA0EB817DEC1BC68DF4 /* Pods */,
				13B8488A245179452225B8B8 /* Frameworks */,
			);
			sourceTree = "<group>";
		};
		076060E5291E96700070BA4F /* Products */ = {
			isa = PBXGroup;
			children = (
				076060E4291E96700070BA4F /* Yummie.app */,
			);
			name = Products;
			sourceTree = "<group>";
		};
		076060E6291E96700070BA4F /* Yummie */ = {
			isa = PBXGroup;
			children = (
				07606101291EB9560070BA4F /* Extensions */,
				076060FD291EB2D10070BA4F /* CustomViews */,
				076060FC291EB2A90070BA4F /* Views */,
				076060FB291EB28F0070BA4F /* Models */,
				076060E7291E96700070BA4F /* AppDelegate.swift */,
				076060ED291E96700070BA4F /* Main.storyboard */,
				076060F0291E96700070BA4F /* Assets.xcassets */,
				076060F2291E96700070BA4F /* LaunchScreen.storyboard */,
				076060F5291E96700070BA4F /* Info.plist */,
			);
			path = Yummie;
			sourceTree = "<group>";
		};
		076060FB291EB28F0070BA4F /* Models */ = {
			isa = PBXGroup;
			children = (
				07ADB50B29223CB600865678 /* OnboardingSlide.swift */,
				07F7BED52924DFE300DD9888 /* DishCategory.swift */,
				07E6FF1E29254772005E5171 /* Dish.swift */,
			);
			path = Models;
			sourceTree = "<group>";
		};
		076060FC291EB2A90070BA4F /* Views */ = {
			isa = PBXGroup;
			children = (
				07F85E5229279AE200560A79 /* ListDishes */,
				079658AC292657AA0057FBB0 /* DishDetail */,
				07ADB50F292288A400865678 /* Home */,
				076060FE291EB2F70070BA4F /* OnBoarding */,
			);
			path = Views;
			sourceTree = "<group>";
		};
		076060FD291EB2D10070BA4F /* CustomViews */ = {
			isa = PBXGroup;
			children = (
				079658B129269E300057FBB0 /* TableViewCells */,
				07E6FF1629253235005E5171 /* CardView */,
				07F7BECF2924DD2A00DD9888 /* CollectionViewCells */,
			);
			path = CustomViews;
			sourceTree = "<group>";
		};
		076060FE291EB2F70070BA4F /* OnBoarding */ = {
			isa = PBXGroup;
			children = (
				076060FF291EB40A0070BA4F /* OnBoardingViewController.swift */,
				07ADB50D2922535500865678 /* OnboardingCollectionViewCell.swift */,
			);
			path = OnBoarding;
			sourceTree = "<group>";
		};
		07606101291EB9560070BA4F /* Extensions */ = {
			isa = PBXGroup;
			children = (
				07606102291EB98E0070BA4F /* UIView+Extension.swift */,
				07E6FF142924E73F005E5171 /* String+Extension.swift */,
				079658AF292686470057FBB0 /* UIViewController+Extension.swift */,
			);
			path = Extensions;
			sourceTree = "<group>";
		};
		079658A7292639010057FBB0 /* DIshLandscapeCollectionViewCell */ = {
			isa = PBXGroup;
			children = (
				079658A8292639410057FBB0 /* DishLandscapeCollectionViewCell.swift */,
				079658A9292639410057FBB0 /* DishLandscapeCollectionViewCell.xib */,
			);
			path = DIshLandscapeCollectionViewCell;
			sourceTree = "<group>";
		};
		079658AC292657AA0057FBB0 /* DishDetail */ = {
			isa = PBXGroup;
			children = (
				079658AD292657D90057FBB0 /* DishDetailViewController.swift */,
			);
			path = DishDetail;
			sourceTree = "<group>";
		};
		079658B129269E300057FBB0 /* TableViewCells */ = {
			isa = PBXGroup;
			children = (
				079658B229269E460057FBB0 /* DishListTableViewCell */,
			);
			path = TableViewCells;
			sourceTree = "<group>";
		};
		079658B229269E460057FBB0 /* DishListTableViewCell */ = {
			isa = PBXGroup;
			children = (
				079658B329269E970057FBB0 /* DishListTableViewCell.swift */,
				079658B429269E970057FBB0 /* DishListTableViewCell.xib */,
			);
			path = DishListTableViewCell;
			sourceTree = "<group>";
		};
		07ADB50F292288A400865678 /* Home */ = {
			isa = PBXGroup;
			children = (
				07ADB510292288CA00865678 /* HomeViewController.swift */,
			);
			path = Home;
			sourceTree = "<group>";
		};
		07E6FF1629253235005E5171 /* CardView */ = {
			isa = PBXGroup;
			children = (
				07E6FF1729253326005E5171 /* CardView.swift */,
			);
			path = CardView;
			sourceTree = "<group>";
		};
		07E6FF19292544A6005E5171 /* DishPortraitCollectionViewCell */ = {
			isa = PBXGroup;
			children = (
				07E6FF1A292544F1005E5171 /* DishPortraitCollectionViewCell.swift */,
				07E6FF1B292544F1005E5171 /* DishPortraitCollectionViewCell.xib */,
			);
			path = DishPortraitCollectionViewCell;
			sourceTree = "<group>";
		};
		07F7BECF2924DD2A00DD9888 /* CollectionViewCells */ = {
			isa = PBXGroup;
			children = (
				079658A7292639010057FBB0 /* DIshLandscapeCollectionViewCell */,
				07E6FF19292544A6005E5171 /* DishPortraitCollectionViewCell */,
				07F7BED02924DD5C00DD9888 /* CategoryCollectionViewCell */,
			);
			path = CollectionViewCells;
			sourceTree = "<group>";
		};
		07F7BED02924DD5C00DD9888 /* CategoryCollectionViewCell */ = {
			isa = PBXGroup;
			children = (
				07F7BED12924DDBC00DD9888 /* CategoryCollectionViewCell.swift */,
				07F7BED22924DDBC00DD9888 /* CategoryCollectionViewCell.xib */,
			);
			path = CategoryCollectionViewCell;
			sourceTree = "<group>";
		};
		07F85E5229279AE200560A79 /* ListDishes */ = {
			isa = PBXGroup;
			children = (
				07F85E5329279B1900560A79 /* ListDishesViewController.swift */,
			);
			path = ListDishes;
			sourceTree = "<group>";
		};
		13B8488A245179452225B8B8 /* Frameworks */ = {
			isa = PBXGroup;
			children = (
				751168AC360704EECCEE2A3A /* Pods_Yummie.framework */,
			);
			name = Frameworks;
			sourceTree = "<group>";
		};
		ABB23CA0EB817DEC1BC68DF4 /* Pods */ = {
			isa = PBXGroup;
			children = (
				5C627468CE3CB408F32D3060 /* Pods-Yummie.debug.xcconfig */,
				E3D31C639577B85A5EDB4C5D /* Pods-Yummie.release.xcconfig */,
			);
			path = Pods;
			sourceTree = "<group>";
		};
/* End PBXGroup section */

/* Begin PBXNativeTarget section */
		076060E3291E96700070BA4F /* Yummie */ = {
			isa = PBXNativeTarget;
			buildConfigurationList = 076060F8291E96700070BA4F /* Build configuration list for PBXNativeTarget "Yummie" */;
			buildPhases = (
				A8F5DECAE064336FC9D7B453 /* [CP] Check Pods Manifest.lock */,
				076060E0291E96700070BA4F /* Sources */,
				076060E1291E96700070BA4F /* Frameworks */,
				076060E2291E96700070BA4F /* Resources */,
				1B27130505FE5F5DEEA67A0A /* [CP] Embed Pods Frameworks */,
			);
			buildRules = (
			);
			dependencies = (
			);
			name = Yummie;
			productName = Yummie;
			productReference = 076060E4291E96700070BA4F /* Yummie.app */;
			productType = "com.apple.product-type.application";
		};
/* End PBXNativeTarget section */

/* Begin PBXProject section */
		076060DC291E96700070BA4F /* Project object */ = {
			isa = PBXProject;
			attributes = {
				BuildIndependentTargetsInParallel = 1;
				LastSwiftUpdateCheck = 1410;
				LastUpgradeCheck = 1410;
				TargetAttributes = {
					076060E3291E96700070BA4F = {
						CreatedOnToolsVersion = 14.1;
					};
				};
			};
			buildConfigurationList = 076060DF291E96700070BA4F /* Build configuration list for PBXProject "Yummie" */;
			compatibilityVersion = "Xcode 14.0";
			developmentRegion = en;
			hasScannedForEncodings = 0;
			knownRegions = (
				en,
				Base,
			);
			mainGroup = 076060DB291E96700070BA4F;
			productRefGroup = 076060E5291E96700070BA4F /* Products */;
			projectDirPath = "";
			projectRoot = "";
			targets = (
				076060E3291E96700070BA4F /* Yummie */,
			);
		};
/* End PBXProject section */

/* Begin PBXResourcesBuildPhase section */
		076060E2291E96700070BA4F /* Resources */ = {
			isa = PBXResourcesBuildPhase;
			buildActionMask = 2147483647;
			files = (
				07F7BED42924DDBC00DD9888 /* CategoryCollectionViewCell.xib in Resources */,
				079658B629269E970057FBB0 /* DishListTableViewCell.xib in Resources */,
				076060F4291E96700070BA4F /* LaunchScreen.storyboard in Resources */,
				07E6FF1D292544F1005E5171 /* DishPortraitCollectionViewCell.xib in Resources */,
				076060F1291E96700070BA4F /* Assets.xcassets in Resources */,
				079658AB292639410057FBB0 /* DishLandscapeCollectionViewCell.xib in Resources */,
				076060EF291E96700070BA4F /* Main.storyboard in Resources */,
			);
			runOnlyForDeploymentPostprocessing = 0;
		};
/* End PBXResourcesBuildPhase section */

/* Begin PBXShellScriptBuildPhase section */
		1B27130505FE5F5DEEA67A0A /* [CP] Embed Pods Frameworks */ = {
			isa = PBXShellScriptBuildPhase;
			buildActionMask = 2147483647;
			files = (
			);
			inputFileListPaths = (
				"${PODS_ROOT}/Target Support Files/Pods-Yummie/Pods-Yummie-frameworks-${CONFIGURATION}-input-files.xcfilelist",
			);
			name = "[CP] Embed Pods Frameworks";
			outputFileListPaths = (
				"${PODS_ROOT}/Target Support Files/Pods-Yummie/Pods-Yummie-frameworks-${CONFIGURATION}-output-files.xcfilelist",
			);
			runOnlyForDeploymentPostprocessing = 0;
			shellPath = /bin/sh;
			shellScript = "\"${PODS_ROOT}/Target Support Files/Pods-Yummie/Pods-Yummie-frameworks.sh\"\n";
			showEnvVarsInLog = 0;
		};
		A8F5DECAE064336FC9D7B453 /* [CP] Check Pods Manifest.lock */ = {
			isa = PBXShellScriptBuildPhase;
			buildActionMask = 2147483647;
			files = (
			);
			inputFileListPaths = (
			);
			inputPaths = (
				"${PODS_PODFILE_DIR_PATH}/Podfile.lock",
				"${PODS_ROOT}/Manifest.lock",
			);
			name = "[CP] Check Pods Manifest.lock";
			outputFileListPaths = (
			);
			outputPaths = (
				"$(DERIVED_FILE_DIR)/Pods-Yummie-checkManifestLockResult.txt",
			);
			runOnlyForDeploymentPostprocessing = 0;
			shellPath = /bin/sh;
			shellScript = "diff \"${PODS_PODFILE_DIR_PATH}/Podfile.lock\" \"${PODS_ROOT}/Manifest.lock\" > /dev/null\nif [ $? != 0 ] ; then\n    # print error to STDERR\n    echo \"error: The sandbox is not in sync with the Podfile.lock. Run 'pod install' or update your CocoaPods installation.\" >&2\n    exit 1\nfi\n# This output is used by Xcode 'outputs' to avoid re-running this script phase.\necho \"SUCCESS\" > \"${SCRIPT_OUTPUT_FILE_0}\"\n";
			showEnvVarsInLog = 0;
		};
/* End PBXShellScriptBuildPhase section */

/* Begin PBXSourcesBuildPhase section */
		076060E0291E96700070BA4F /* Sources */ = {
			isa = PBXSourcesBuildPhase;
			buildActionMask = 2147483647;
			files = (
				079658B529269E970057FBB0 /* DishListTableViewCell.swift in Sources */,
				079658B0292686470057FBB0 /* UIViewController+Extension.swift in Sources */,
				07F7BED32924DDBC00DD9888 /* CategoryCollectionViewCell.swift in Sources */,
				07ADB50C29223CB600865678 /* OnboardingSlide.swift in Sources */,
				076060E8291E96700070BA4F /* AppDelegate.swift in Sources */,
				07606103291EB98E0070BA4F /* UIView+Extension.swift in Sources */,
				07606100291EB40A0070BA4F /* OnBoardingViewController.swift in Sources */,
				079658AE292657D90057FBB0 /* DishDetailViewController.swift in Sources */,
				07ADB511292288CA00865678 /* HomeViewController.swift in Sources */,
				07F7BED62924DFE300DD9888 /* DishCategory.swift in Sources */,
				079658AA292639410057FBB0 /* DishLandscapeCollectionViewCell.swift in Sources */,
				07E6FF152924E73F005E5171 /* String+Extension.swift in Sources */,
				07E6FF1829253326005E5171 /* CardView.swift in Sources */,
				07F85E5429279B1900560A79 /* ListDishesViewController.swift in Sources */,
				07ADB50E2922535500865678 /* OnboardingCollectionViewCell.swift in Sources */,
				07E6FF1F29254772005E5171 /* Dish.swift in Sources */,
				07E6FF1C292544F1005E5171 /* DishPortraitCollectionViewCell.swift in Sources */,
			);
			runOnlyForDeploymentPostprocessing = 0;
		};
/* End PBXSourcesBuildPhase section */

/* Begin PBXVariantGroup section */
		076060ED291E96700070BA4F /* Main.storyboard */ = {
			isa = PBXVariantGroup;
			children = (
				076060EE291E96700070BA4F /* Base */,
			);
			name = Main.storyboard;
			sourceTree = "<group>";
		};
		076060F2291E96700070BA4F /* LaunchScreen.storyboard */ = {
			isa = PBXVariantGroup;
			children = (
				076060F3291E96700070BA4F /* Base */,
			);
			name = LaunchScreen.storyboard;
			sourceTree = "<group>";
		};
/* End PBXVariantGroup section */

/* Begin XCBuildConfiguration section */
		076060F6291E96700070BA4F /* Debug */ = {
			isa = XCBuildConfiguration;
			buildSettings = {
				ALWAYS_SEARCH_USER_PATHS = NO;
				CLANG_ANALYZER_NONNULL = YES;
				CLANG_ANALYZER_NUMBER_OBJECT_CONVERSION = YES_AGGRESSIVE;
				CLANG_CXX_LANGUAGE_STANDARD = "gnu++20";
				CLANG_ENABLE_MODULES = YES;
				CLANG_ENABLE_OBJC_ARC = YES;
				CLANG_ENABLE_OBJC_WEAK = YES;
				CLANG_WARN_BLOCK_CAPTURE_AUTORELEASING = YES;
				CLANG_WARN_BOOL_CONVERSION = YES;
				CLANG_WARN_COMMA = YES;
				CLANG_WARN_CONSTANT_CONVERSION = YES;
				CLANG_WARN_DEPRECATED_OBJC_IMPLEMENTATIONS = YES;
				CLANG_WARN_DIRECT_OBJC_ISA_USAGE = YES_ERROR;
				CLANG_WARN_DOCUMENTATION_COMMENTS = YES;
				CLANG_WARN_EMPTY_BODY = YES;
				CLANG_WARN_ENUM_CONVERSION = YES;
				CLANG_WARN_INFINITE_RECURSION = YES;
				CLANG_WARN_INT_CONVERSION = YES;
				CLANG_WARN_NON_LITERAL_NULL_CONVERSION = YES;
				CLANG_WARN_OBJC_IMPLICIT_RETAIN_SELF = YES;
				CLANG_WARN_OBJC_LITERAL_CONVERSION = YES;
				CLANG_WARN_OBJC_ROOT_CLASS = YES_ERROR;
				CLANG_WARN_QUOTED_INCLUDE_IN_FRAMEWORK_HEADER = YES;
				CLANG_WARN_RANGE_LOOP_ANALYSIS = YES;
				CLANG_WARN_STRICT_PROTOTYPES = YES;
				CLANG_WARN_SUSPICIOUS_MOVE = YES;
				CLANG_WARN_UNGUARDED_AVAILABILITY = YES_AGGRESSIVE;
				CLANG_WARN_UNREACHABLE_CODE = YES;
				CLANG_WARN__DUPLICATE_METHOD_MATCH = YES;
				COPY_PHASE_STRIP = NO;
				DEBUG_INFORMATION_FORMAT = dwarf;
				ENABLE_STRICT_OBJC_MSGSEND = YES;
				ENABLE_TESTABILITY = YES;
				GCC_C_LANGUAGE_STANDARD = gnu11;
				GCC_DYNAMIC_NO_PIC = NO;
				GCC_NO_COMMON_BLOCKS = YES;
				GCC_OPTIMIZATION_LEVEL = 0;
				GCC_PREPROCESSOR_DEFINITIONS = (
					"DEBUG=1",
					"$(inherited)",
				);
				GCC_WARN_64_TO_32_BIT_CONVERSION = YES;
				GCC_WARN_ABOUT_RETURN_TYPE = YES_ERROR;
				GCC_WARN_UNDECLARED_SELECTOR = YES;
				GCC_WARN_UNINITIALIZED_AUTOS = YES_AGGRESSIVE;
				GCC_WARN_UNUSED_FUNCTION = YES;
				GCC_WARN_UNUSED_VARIABLE = YES;
				IPHONEOS_DEPLOYMENT_TARGET = 16.1;
				MTL_ENABLE_DEBUG_INFO = INCLUDE_SOURCE;
				MTL_FAST_MATH = YES;
				ONLY_ACTIVE_ARCH = YES;
				SDKROOT = iphoneos;
				SWIFT_ACTIVE_COMPILATION_CONDITIONS = DEBUG;
				SWIFT_OPTIMIZATION_LEVEL = "-Onone";
			};
			name = Debug;
		};
		076060F7291E96700070BA4F /* Release */ = {
			isa = XCBuildConfiguration;
			buildSettings = {
				ALWAYS_SEARCH_USER_PATHS = NO;
				CLANG_ANALYZER_NONNULL = YES;
				CLANG_ANALYZER_NUMBER_OBJECT_CONVERSION = YES_AGGRESSIVE;
				CLANG_CXX_LANGUAGE_STANDARD = "gnu++20";
				CLANG_ENABLE_MODULES = YES;
				CLANG_ENABLE_OBJC_ARC = YES;
				CLANG_ENABLE_OBJC_WEAK = YES;
				CLANG_WARN_BLOCK_CAPTURE_AUTORELEASING = YES;
				CLANG_WARN_BOOL_CONVERSION = YES;
				CLANG_WARN_COMMA = YES;
				CLANG_WARN_CONSTANT_CONVERSION = YES;
				CLANG_WARN_DEPRECATED_OBJC_IMPLEMENTATIONS = YES;
				CLANG_WARN_DIRECT_OBJC_ISA_USAGE = YES_ERROR;
				CLANG_WARN_DOCUMENTATION_COMMENTS = YES;
				CLANG_WARN_EMPTY_BODY = YES;
				CLANG_WARN_ENUM_CONVERSION = YES;
				CLANG_WARN_INFINITE_RECURSION = YES;
				CLANG_WARN_INT_CONVERSION = YES;
				CLANG_WARN_NON_LITERAL_NULL_CONVERSION = YES;
				CLANG_WARN_OBJC_IMPLICIT_RETAIN_SELF = YES;
				CLANG_WARN_OBJC_LITERAL_CONVERSION = YES;
				CLANG_WARN_OBJC_ROOT_CLASS = YES_ERROR;
				CLANG_WARN_QUOTED_INCLUDE_IN_FRAMEWORK_HEADER = YES;
				CLANG_WARN_RANGE_LOOP_ANALYSIS = YES;
				CLANG_WARN_STRICT_PROTOTYPES = YES;
				CLANG_WARN_SUSPICIOUS_MOVE = YES;
				CLANG_WARN_UNGUARDED_AVAILABILITY = YES_AGGRESSIVE;
				CLANG_WARN_UNREACHABLE_CODE = YES;
				CLANG_WARN__DUPLICATE_METHOD_MATCH = YES;
				COPY_PHASE_STRIP = NO;
				DEBUG_INFORMATION_FORMAT = "dwarf-with-dsym";
				ENABLE_NS_ASSERTIONS = NO;
				ENABLE_STRICT_OBJC_MSGSEND = YES;
				GCC_C_LANGUAGE_STANDARD = gnu11;
				GCC_NO_COMMON_BLOCKS = YES;
				GCC_WARN_64_TO_32_BIT_CONVERSION = YES;
				GCC_WARN_ABOUT_RETURN_TYPE = YES_ERROR;
				GCC_WARN_UNDECLARED_SELECTOR = YES;
				GCC_WARN_UNINITIALIZED_AUTOS = YES_AGGRESSIVE;
				GCC_WARN_UNUSED_FUNCTION = YES;
				GCC_WARN_UNUSED_VARIABLE = YES;
				IPHONEOS_DEPLOYMENT_TARGET = 16.1;
				MTL_ENABLE_DEBUG_INFO = NO;
				MTL_FAST_MATH = YES;
				SDKROOT = iphoneos;
				SWIFT_COMPILATION_MODE = wholemodule;
				SWIFT_OPTIMIZATION_LEVEL = "-O";
				VALIDATE_PRODUCT = YES;
			};
			name = Release;
		};
		076060F9291E96700070BA4F /* Debug */ = {
			isa = XCBuildConfiguration;
			baseConfigurationReference = 5C627468CE3CB408F32D3060 /* Pods-Yummie.debug.xcconfig */;
			buildSettings = {
				ASSETCATALOG_COMPILER_APPICON_NAME = AppIcon;
				ASSETCATALOG_COMPILER_GLOBAL_ACCENT_COLOR_NAME = AccentColor;
				CODE_SIGN_STYLE = Automatic;
				CURRENT_PROJECT_VERSION = 1;
				DEVELOPMENT_TEAM = HXG77LVF2P;
				GENERATE_INFOPLIST_FILE = YES;
				INFOPLIST_FILE = Yummie/Info.plist;
				INFOPLIST_KEY_UIApplicationSupportsIndirectInputEvents = YES;
				INFOPLIST_KEY_UILaunchStoryboardName = LaunchScreen;
				INFOPLIST_KEY_UIMainStoryboardFile = Main;
				INFOPLIST_KEY_UISupportedInterfaceOrientations_iPad = "UIInterfaceOrientationPortrait UIInterfaceOrientationPortraitUpsideDown UIInterfaceOrientationLandscapeLeft UIInterfaceOrientationLandscapeRight";
				INFOPLIST_KEY_UISupportedInterfaceOrientations_iPhone = "UIInterfaceOrientationPortrait UIInterfaceOrientationLandscapeLeft UIInterfaceOrientationLandscapeRight";
				IPHONEOS_DEPLOYMENT_TARGET = 13.0;
				LD_RUNPATH_SEARCH_PATHS = (
					"$(inherited)",
					"@executable_path/Frameworks",
				);
				MARKETING_VERSION = 1.0;
				PRODUCT_BUNDLE_IDENTIFIER = co.impactzero.Yummie;
				PRODUCT_NAME = "$(TARGET_NAME)";
				SWIFT_EMIT_LOC_STRINGS = YES;
				SWIFT_VERSION = 5.0;
				TARGETED_DEVICE_FAMILY = "1,2";
			};
			name = Debug;
		};
		076060FA291E96700070BA4F /* Release */ = {
			isa = XCBuildConfiguration;
			baseConfigurationReference = E3D31C639577B85A5EDB4C5D /* Pods-Yummie.release.xcconfig */;
			buildSettings = {
				ASSETCATALOG_COMPILER_APPICON_NAME = AppIcon;
				ASSETCATALOG_COMPILER_GLOBAL_ACCENT_COLOR_NAME = AccentColor;
				CODE_SIGN_STYLE = Automatic;
				CURRENT_PROJECT_VERSION = 1;
				DEVELOPMENT_TEAM = HXG77LVF2P;
				GENERATE_INFOPLIST_FILE = YES;
				INFOPLIST_FILE = Yummie/Info.plist;
				INFOPLIST_KEY_UIApplicationSupportsIndirectInputEvents = YES;
				INFOPLIST_KEY_UILaunchStoryboardName = LaunchScreen;
				INFOPLIST_KEY_UIMainStoryboardFile = Main;
				INFOPLIST_KEY_UISupportedInterfaceOrientations_iPad = "UIInterfaceOrientationPortrait UIInterfaceOrientationPortraitUpsideDown UIInterfaceOrientationLandscapeLeft UIInterfaceOrientationLandscapeRight";
				INFOPLIST_KEY_UISupportedInterfaceOrientations_iPhone = "UIInterfaceOrientationPortrait UIInterfaceOrientationLandscapeLeft UIInterfaceOrientationLandscapeRight";
				IPHONEOS_DEPLOYMENT_TARGET = 13.0;
				LD_RUNPATH_SEARCH_PATHS = (
					"$(inherited)",
					"@executable_path/Frameworks",
				);
				MARKETING_VERSION = 1.0;
				PRODUCT_BUNDLE_IDENTIFIER = co.impactzero.Yummie;
				PRODUCT_NAME = "$(TARGET_NAME)";
				SWIFT_EMIT_LOC_STRINGS = YES;
				SWIFT_VERSION = 5.0;
				TARGETED_DEVICE_FAMILY = "1,2";
			};
			name = Release;
		};
/* End XCBuildConfiguration section */

/* Begin XCConfigurationList section */
		076060DF291E96700070BA4F /* Build configuration list for PBXProject "Yummie" */ = {
			isa = XCConfigurationList;
			buildConfigurations = (
				076060F6291E96700070BA4F /* Debug */,
				076060F7291E96700070BA4F /* Release */,
			);
			defaultConfigurationIsVisible = 0;
			defaultConfigurationName = Release;
		};
		076060F8291E96700070BA4F /* Build configuration list for PBXNativeTarget "Yummie" */ = {
			isa = XCConfigurationList;
			buildConfigurations = (
				076060F9291E96700070BA4F /* Debug */,
				076060FA291E96700070BA4F /* Release */,
			);
			defaultConfigurationIsVisible = 0;
			defaultConfigurationName = Release;
		};
/* End XCConfigurationList section */
	};
	rootObject = 076060DC291E96700070BA4F /* Project object */;
}
